
Microsoft Visual Studio Solution File, Format Version 12.00
# Visual Studio 2012
Project("{FAE04EC0-301F-11D3-BF4B-00C04F79EFBC}") = "RPGLibrary", "RPGLibrary\RPGLibrary.csproj", "{D244C221-8815-4D26-9535-C668E4D789C6}"
EndProject
Project("{FAE04EC0-301F-11D3-BF4B-00C04F79EFBC}") = "RPGLibraryTest", "RPGLibraryTest\RPGLibraryTest.csproj", "{21BFF8E2-1931-46BE-9031-54B3F618BB89}"
EndProject
Global
	GlobalSection(SolutionConfigurationPlatforms) = preSolution
		Debug|Any CPU = Debug|Any CPU
		Release|Any CPU = Release|Any CPU
	EndGlobalSection
	GlobalSection(ProjectConfigurationPlatforms) = postSolution
		{D244C221-8815-4D26-9535-C668E4D789C6}.Debug|Any CPU.ActiveCfg = Debug|Any CPU
		{D244C221-8815-4D26-9535-C668E4D789C6}.Debug|Any CPU.Build.0 = Debug|Any CPU
		{D244C221-8815-4D26-9535-C668E4D789C6}.Release|Any CPU.ActiveCfg = Release|Any CPU
		{D244C221-8815-4D26-9535-C668E4D789C6}.Release|Any CPU.Build.0 = Release|Any CPU
		{21BFF8E2-1931-46BE-9031-54B3F618BB89}.Debug|Any CPU.ActiveCfg = Debug|Any CPU
		{21BFF8E2-1931-46BE-9031-54B3F618BB89}.Debug|Any CPU.Build.0 = Debug|Any CPU
		{21BFF8E2-1931-46BE-9031-54B3F618BB89}.Release|Any CPU.ActiveCfg = Release|Any CPU
		{21BFF8E2-1931-46BE-9031-54B3F618BB89}.Release|Any CPU.Build.0 = Release|Any CPU
	EndGlobalSection
	GlobalSection(SolutionProperties) = preSolution
		HideSolutionNode = FALSE
	EndGlobalSection
EndGlobal
